
Microsoft Visual Studio Solution File, Format Version 12.00
# Visual Studio 15
VisualStudioVersion = 15.0.28307.329
MinimumVisualStudioVersion = 10.0.40219.1
Project("{FAE04EC0-301F-11D3-BF4B-00C04F79EFBC}") = "Q101.DbDataParameterWrapper.Oracle", "Q101.DbDataParameterWrapper.Oracle\Q101.DbDataParameterWrapper.Oracle.csproj", "{AE750B38-6916-4F33-9BA5-50FD5A1599DF}"
EndProject
Global
	GlobalSection(SolutionConfigurationPlatforms) = preSolution
		Debug|Any CPU = Debug|Any CPU
		Release|Any CPU = Release|Any CPU
	EndGlobalSection
	GlobalSection(ProjectConfigurationPlatforms) = postSolution
		{AE750B38-6916-4F33-9BA5-50FD5A1599DF}.Debug|Any CPU.ActiveCfg = Debug|Any CPU
		{AE750B38-6916-4F33-9BA5-50FD5A1599DF}.Debug|Any CPU.Build.0 = Debug|Any CPU
		{AE750B38-6916-4F33-9BA5-50FD5A1599DF}.Release|Any CPU.ActiveCfg = Release|Any CPU
		{AE750B38-6916-4F33-9BA5-50FD5A1599DF}.Release|Any CPU.Build.0 = Release|Any CPU
	EndGlobalSection
	GlobalSection(SolutionProperties) = preSolution
		HideSolutionNode = FALSE
	EndGlobalSection
	GlobalSection(ExtensibilityGlobals) = postSolution
		SolutionGuid = {D7B8A532-1C2C-4462-8597-20FAEB8BD282}
	EndGlobalSection
EndGlobal
